
Microsoft Visual Studio Solution File, Format Version 12.00
# Visual Studio Version 17
VisualStudioVersion = 17.9.34622.214
MinimumVisualStudioVersion = 10.0.40219.1
Project("{FAE04EC0-301F-11D3-BF4B-00C04F79EFBC}") = "Assignment8Sln", "Assignment8Sln\Assignment8Sln.csproj", "{D9A480E1-F1FF-432D-9CBA-B18535C7017B}"
EndProject
Global
	GlobalSection(SolutionConfigurationPlatforms) = preSolution
		Debug|Any CPU = Debug|Any CPU
		Release|Any CPU = Release|Any CPU
	EndGlobalSection
	GlobalSection(ProjectConfigurationPlatforms) = postSolution
		{D9A480E1-F1FF-432D-9CBA-B18535C7017B}.Debug|Any CPU.ActiveCfg = Debug|Any CPU
		{D9A480E1-F1FF-432D-9CBA-B18535C7017B}.Debug|Any CPU.Build.0 = Debug|Any CPU
		{D9A480E1-F1FF-432D-9CBA-B18535C7017B}.Debug|Any CPU.Deploy.0 = Debug|Any CPU
		{D9A480E1-F1FF-432D-9CBA-B18535C7017B}.Release|Any CPU.ActiveCfg = Release|Any CPU
		{D9A480E1-F1FF-432D-9CBA-B18535C7017B}.Release|Any CPU.Build.0 = Release|Any CPU
		{D9A480E1-F1FF-432D-9CBA-B18535C7017B}.Release|Any CPU.Deploy.0 = Release|Any CPU
	EndGlobalSection
	GlobalSection(SolutionProperties) = preSolution
		HideSolutionNode = FALSE
	EndGlobalSection
	GlobalSection(ExtensibilityGlobals) = postSolution
		SolutionGuid = {4F3B836C-A418-4344-9CE8-DF5A433E7894}
	EndGlobalSection
EndGlobal
